github.com/go-pkgz/lgr v0.12.4 h1:lDeQ4BR28ldXrKau6BOjq7A8nHzcXz+MF4xUfV4l1Ok=
github.com/go-pkgz/lgr v0.12.4/go.mod h1:Lw6DkNRnCPyX07mqkiUK/p+eA1opq4GKkWfWia64RA8=
github.com/stretchr/testify v1.12.0 h1:K6Mr6jO9JICuend/5xzTM03ydSV3vdNRYAdPSukj8uI=
github.com/stretchr/testify v1.12.0/go.mod h1:bOYBZb5qJ00vPzWfIqBUZPaxK8jWiXc6d3ErP4Ca9Gw=
github.com/umputun/go-flags v1.5.1 h1:vRauoXV3Ultt1HrxivSxowbintgZLJE+EcBy5ta3/mY=
github.com/umputun/go-flags v1.5.1/go.mod h1:nTbvsO/hKqe7Utri/NoyN18GR3+EWf+9RrmsdwdhrEc=
gopkg.in/yaml.v3 v3.0.1 h1:fxVm/GzAzEWqLHuvctI91KS9hhNmmWOoWu0XTYJS7CA=
gopkg.in/yaml.v3 v3.0.1/go.mod h1:K4uyk7z7BCEPqu6E+C64Yfv1cQ7kz7rIZviUmN+EgEM=
